
Microsoft Visual Studio Solution File, Format Version 12.00
# Visual Studio 15
VisualStudioVersion = 15.0.27130.2010
MinimumVisualStudioVersion = 10.0.40219.1
Project("{FAE04EC0-301F-11D3-BF4B-00C04F79EFBC}") = "Quirion.LojaVirtual.Dominio", "Quirion.LojaVirtual.Dominio\Quirion.LojaVirtual.Dominio.csproj", "{BA3F9C7F-BBBC-4EAE-9B47-482852E12D7C}"
EndProject
Project("{FAE04EC0-301F-11D3-BF4B-00C04F79EFBC}") = "Quirion.LojaVirtual.Web", "Quirion.LojaVirtual.Web\Quirion.LojaVirtual.Web.csproj", "{D8BC31C4-2A53-44F7-A5DC-AC93EA44DA3B}"
EndProject
Project("{FAE04EC0-301F-11D3-BF4B-00C04F79EFBC}") = "Quirion.LojaVirtual.UnitTest", "Quirion.LojaVirtual.UnitTest\Quirion.LojaVirtual.UnitTest.csproj", "{C89C3102-BF64-4612-9D69-D32EF4DE0DB2}"
EndProject
Global
	GlobalSection(SolutionConfigurationPlatforms) = preSolution
		Debug|Any CPU = Debug|Any CPU
		Release|Any CPU = Release|Any CPU
	EndGlobalSection
	GlobalSection(ProjectConfigurationPlatforms) = postSolution
		{BA3F9C7F-BBBC-4EAE-9B47-482852E12D7C}.Debug|Any CPU.ActiveCfg = Debug|Any CPU
		{BA3F9C7F-BBBC-4EAE-9B47-482852E12D7C}.Debug|Any CPU.Build.0 = Debug|Any CPU
		{BA3F9C7F-BBBC-4EAE-9B47-482852E12D7C}.Release|Any CPU.ActiveCfg = Release|Any CPU
		{BA3F9C7F-BBBC-4EAE-9B47-482852E12D7C}.Release|Any CPU.Build.0 = Release|Any CPU
		{D8BC31C4-2A53-44F7-A5DC-AC93EA44DA3B}.Debug|Any CPU.ActiveCfg = Debug|Any CPU
		{D8BC31C4-2A53-44F7-A5DC-AC93EA44DA3B}.Debug|Any CPU.Build.0 = Debug|Any CPU
		{D8BC31C4-2A53-44F7-A5DC-AC93EA44DA3B}.Release|Any CPU.ActiveCfg = Release|Any CPU
		{D8BC31C4-2A53-44F7-A5DC-AC93EA44DA3B}.Release|Any CPU.Build.0 = Release|Any CPU
		{C89C3102-BF64-4612-9D69-D32EF4DE0DB2}.Debug|Any CPU.ActiveCfg = Debug|Any CPU
		{C89C3102-BF64-4612-9D69-D32EF4DE0DB2}.Debug|Any CPU.Build.0 = Debug|Any CPU
		{C89C3102-BF64-4612-9D69-D32EF4DE0DB2}.Release|Any CPU.ActiveCfg = Release|Any CPU
		{C89C3102-BF64-4612-9D69-D32EF4DE0DB2}.Release|Any CPU.Build.0 = Release|Any CPU
	EndGlobalSection
	GlobalSection(SolutionProperties) = preSolution
		HideSolutionNode = FALSE
	EndGlobalSection
	GlobalSection(ExtensibilityGlobals) = postSolution
		SolutionGuid = {D723B8BE-414C-4DB6-9068-AC5C9EA388AF}
	EndGlobalSection
EndGlobal
